
Microsoft Visual Studio Solution File, Format Version 12.00
# Visual Studio Version 17
VisualStudioVersion = 17.4.32804.182
MinimumVisualStudioVersion = 10.0.40219.1
Project("{FAE04EC0-301F-11D3-BF4B-00C04F79EFBC}") = "DeviceSuperTypesHotChocolate", "DeviceSuperTypesHotChocolate.csproj", "{7ED24FEA-AFF6-46AA-9F51-A80083CAB4FA}"
EndProject
Global
	GlobalSection(SolutionConfigurationPlatforms) = preSolution
		Debug|Any CPU = Debug|Any CPU
		Release|Any CPU = Release|Any CPU
	EndGlobalSection
	GlobalSection(ProjectConfigurationPlatforms) = postSolution
		{7ED24FEA-AFF6-46AA-9F51-A80083CAB4FA}.Debug|Any CPU.ActiveCfg = Debug|Any CPU
		{7ED24FEA-AFF6-46AA-9F51-A80083CAB4FA}.Debug|Any CPU.Build.0 = Debug|Any CPU
		{7ED24FEA-AFF6-46AA-9F51-A80083CAB4FA}.Release|Any CPU.ActiveCfg = Release|Any CPU
		{7ED24FEA-AFF6-46AA-9F51-A80083CAB4FA}.Release|Any CPU.Build.0 = Release|Any CPU
	EndGlobalSection
	GlobalSection(SolutionProperties) = preSolution
		HideSolutionNode = FALSE
	EndGlobalSection
	GlobalSection(ExtensibilityGlobals) = postSolution
		SolutionGuid = {1D483BCC-8F52-452E-8F12-98176F8B38D7}
	EndGlobalSection
EndGlobal
